
Microsoft Visual Studio Solution File, Format Version 12.00
# Visual Studio Version 17
VisualStudioVersion = 17.0.31903.59
MinimumVisualStudioVersion = 10.0.40219.1
Project("{2150E333-8FDC-42A3-9474-1A3956D46DE8}") = "src", "src", "{A1941A49-F0FF-4321-9DF4-7073D939EF33}"
EndProject
Project("{2150E333-8FDC-42A3-9474-1A3956D46DE8}") = "Core", "Core", "{994DA176-67B5-4C1C-8D18-43DFD4A544BB}"
EndProject
Project("{FAE04EC0-301F-11D3-BF4B-00C04F79EFBC}") = "HelloWorld", "src\Core\HelloWorld\HelloWorld.csproj", "{252253B3-2116-4F76-AD53-C7D6DF1FA264}"
EndProject
Project("{2150E333-8FDC-42A3-9474-1A3956D46DE8}") = "CommandsNext", "CommandsNext", "{604B2D33-F1C2-404F-9B1E-F2CF8F890108}"
EndProject
Project("{FAE04EC0-301F-11D3-BF4B-00C04F79EFBC}") = "HelloWorld", "src\CommandsNext\HelloWorld\HelloWorld.csproj", "{6ED63965-1B73-4874-81EB-37E04AAC6D79}"
EndProject
Project("{FAE04EC0-301F-11D3-BF4B-00C04F79EFBC}") = "ArgumentConverters", "src\CommandsNext\ArgumentConverters\ArgumentConverters.csproj", "{4AD2B461-3C09-4254-913F-21CBE75C32F2}"
EndProject
Global
	GlobalSection(SolutionConfigurationPlatforms) = preSolution
		Debug|Any CPU = Debug|Any CPU
		Release|Any CPU = Release|Any CPU
	EndGlobalSection
	GlobalSection(SolutionProperties) = preSolution
		HideSolutionNode = FALSE
	EndGlobalSection
	GlobalSection(ProjectConfigurationPlatforms) = postSolution
		{252253B3-2116-4F76-AD53-C7D6DF1FA264}.Debug|Any CPU.ActiveCfg = Debug|Any CPU
		{252253B3-2116-4F76-AD53-C7D6DF1FA264}.Debug|Any CPU.Build.0 = Debug|Any CPU
		{252253B3-2116-4F76-AD53-C7D6DF1FA264}.Release|Any CPU.ActiveCfg = Release|Any CPU
		{252253B3-2116-4F76-AD53-C7D6DF1FA264}.Release|Any CPU.Build.0 = Release|Any CPU
		{6ED63965-1B73-4874-81EB-37E04AAC6D79}.Debug|Any CPU.ActiveCfg = Debug|Any CPU
		{6ED63965-1B73-4874-81EB-37E04AAC6D79}.Debug|Any CPU.Build.0 = Debug|Any CPU
		{6ED63965-1B73-4874-81EB-37E04AAC6D79}.Release|Any CPU.ActiveCfg = Release|Any CPU
		{6ED63965-1B73-4874-81EB-37E04AAC6D79}.Release|Any CPU.Build.0 = Release|Any CPU
		{4AD2B461-3C09-4254-913F-21CBE75C32F2}.Debug|Any CPU.ActiveCfg = Debug|Any CPU
		{4AD2B461-3C09-4254-913F-21CBE75C32F2}.Debug|Any CPU.Build.0 = Debug|Any CPU
		{4AD2B461-3C09-4254-913F-21CBE75C32F2}.Release|Any CPU.ActiveCfg = Release|Any CPU
		{4AD2B461-3C09-4254-913F-21CBE75C32F2}.Release|Any CPU.Build.0 = Release|Any CPU
	EndGlobalSection
	GlobalSection(NestedProjects) = preSolution
		{994DA176-67B5-4C1C-8D18-43DFD4A544BB} = {A1941A49-F0FF-4321-9DF4-7073D939EF33}
		{252253B3-2116-4F76-AD53-C7D6DF1FA264} = {994DA176-67B5-4C1C-8D18-43DFD4A544BB}
		{604B2D33-F1C2-404F-9B1E-F2CF8F890108} = {A1941A49-F0FF-4321-9DF4-7073D939EF33}
		{6ED63965-1B73-4874-81EB-37E04AAC6D79} = {604B2D33-F1C2-404F-9B1E-F2CF8F890108}
		{4AD2B461-3C09-4254-913F-21CBE75C32F2} = {604B2D33-F1C2-404F-9B1E-F2CF8F890108}
	EndGlobalSection
EndGlobal
